
Microsoft Visual Studio Solution File, Format Version 12.00
# Visual Studio 15
VisualStudioVersion = 15.0.28307.329
MinimumVisualStudioVersion = 10.0.40219.1
Project("{FAE04EC0-301F-11D3-BF4B-00C04F79EFBC}") = "2C2PDemoWebAPI", "2C2PDemoWebAPI\2C2PDemoWebAPI.csproj", "{C8716C8D-8853-41C0-B6C3-35927F1B654F}"
EndProject
Project("{FAE04EC0-301F-11D3-BF4B-00C04F79EFBC}") = "2C2PDemoWebAPI.Tests", "2C2PDemoWebAPI.Tests\2C2PDemoWebAPI.Tests.csproj", "{63C2397F-54A3-46CC-9CD0-30EC4CFC8BF6}"
EndProject
Global
	GlobalSection(SolutionConfigurationPlatforms) = preSolution
		Debug|Any CPU = Debug|Any CPU
		Release|Any CPU = Release|Any CPU
	EndGlobalSection
	GlobalSection(ProjectConfigurationPlatforms) = postSolution
		{C8716C8D-8853-41C0-B6C3-35927F1B654F}.Debug|Any CPU.ActiveCfg = Debug|Any CPU
		{C8716C8D-8853-41C0-B6C3-35927F1B654F}.Debug|Any CPU.Build.0 = Debug|Any CPU
		{C8716C8D-8853-41C0-B6C3-35927F1B654F}.Release|Any CPU.ActiveCfg = Release|Any CPU
		{C8716C8D-8853-41C0-B6C3-35927F1B654F}.Release|Any CPU.Build.0 = Release|Any CPU
		{63C2397F-54A3-46CC-9CD0-30EC4CFC8BF6}.Debug|Any CPU.ActiveCfg = Debug|Any CPU
		{63C2397F-54A3-46CC-9CD0-30EC4CFC8BF6}.Debug|Any CPU.Build.0 = Debug|Any CPU
		{63C2397F-54A3-46CC-9CD0-30EC4CFC8BF6}.Release|Any CPU.ActiveCfg = Release|Any CPU
		{63C2397F-54A3-46CC-9CD0-30EC4CFC8BF6}.Release|Any CPU.Build.0 = Release|Any CPU
	EndGlobalSection
	GlobalSection(SolutionProperties) = preSolution
		HideSolutionNode = FALSE
	EndGlobalSection
	GlobalSection(ExtensibilityGlobals) = postSolution
		SolutionGuid = {4025A5E8-677B-4098-AABA-4610C0A2F230}
	EndGlobalSection
EndGlobal
